
Microsoft Visual Studio Solution File, Format Version 12.00
# Visual Studio 15
VisualStudioVersion = 15.0.28010.2016
MinimumVisualStudioVersion = 10.0.40219.1
Project("{FAE04EC0-301F-11D3-BF4B-00C04F79EFBC}") = "DevConatct", "DevConatct\DevConatct.csproj", "{5010AE89-3283-4A37-9706-6B341FC7CCAA}"
EndProject
Project("{FAE04EC0-301F-11D3-BF4B-00C04F79EFBC}") = "DevContact.Test", "DevContact.Test\DevContact.Test.csproj", "{345965B9-7D73-4E0E-8067-874C1F122A6E}"
EndProject
Global
	GlobalSection(SolutionConfigurationPlatforms) = preSolution
		Debug|Any CPU = Debug|Any CPU
		Release|Any CPU = Release|Any CPU
	EndGlobalSection
	GlobalSection(ProjectConfigurationPlatforms) = postSolution
		{5010AE89-3283-4A37-9706-6B341FC7CCAA}.Debug|Any CPU.ActiveCfg = Debug|Any CPU
		{5010AE89-3283-4A37-9706-6B341FC7CCAA}.Debug|Any CPU.Build.0 = Debug|Any CPU
		{5010AE89-3283-4A37-9706-6B341FC7CCAA}.Release|Any CPU.ActiveCfg = Release|Any CPU
		{5010AE89-3283-4A37-9706-6B341FC7CCAA}.Release|Any CPU.Build.0 = Release|Any CPU
		{345965B9-7D73-4E0E-8067-874C1F122A6E}.Debug|Any CPU.ActiveCfg = Debug|Any CPU
		{345965B9-7D73-4E0E-8067-874C1F122A6E}.Debug|Any CPU.Build.0 = Debug|Any CPU
		{345965B9-7D73-4E0E-8067-874C1F122A6E}.Release|Any CPU.ActiveCfg = Release|Any CPU
		{345965B9-7D73-4E0E-8067-874C1F122A6E}.Release|Any CPU.Build.0 = Release|Any CPU
	EndGlobalSection
	GlobalSection(SolutionProperties) = preSolution
		HideSolutionNode = FALSE
	EndGlobalSection
	GlobalSection(ExtensibilityGlobals) = postSolution
		SolutionGuid = {2749A29A-8495-47A7-A1D3-7ADCE2F5A38C}
	EndGlobalSection
EndGlobal
